PODS:
  - asset_shield (0.0.1):
    - Flutter
  - Flutter (1.0.0)
  - integration_test (0.0.1):
    - Flutter

DEPENDENCIES:
  - asset_shield (from `.symlinks/plugins/asset_shield/ios`)
  - Flutter (from `Flutter`)
  - integration_test (from `.symlinks/plugins/integration_test/ios`)

EXTERNAL SOURCES:
  asset_shield:
    :path: ".symlinks/plugins/asset_shield/ios"
  Flutter:
    :path: Flutter
  integration_test:
    :path: ".symlinks/plugins/integration_test/ios"

SPEC CHECKSUMS:
  asset_shield: 63ae482425b0d99ccff35b9cfca9c34cbd177bd4
  Flutter: cabc95a1d2626b1b06e7179b784ebcf0c0cde467
  integration_test: 4a889634ef21a45d28d50d622cf412dc6d9f586e

PODFILE CHECKSUM: 3c63482e143d1b91d2d2560aee9fb04ecc74ac7e

COCOAPODS: 1.16.2
