PODS:
  - asset_shield (0.0.1):
    - FlutterMacOS
  - FlutterMacOS (1.0.0)

DEPENDENCIES:
  - asset_shield (from `Flutter/ephemeral/.symlinks/plugins/asset_shield/macos`)
  - FlutterMacOS (from `Flutter/ephemeral`)

EXTERNAL SOURCES:
  asset_shield:
    :path: Flutter/ephemeral/.symlinks/plugins/asset_shield/macos
  FlutterMacOS:
    :path: Flutter/ephemeral

SPEC CHECKSUMS:
  asset_shield: 1912eb45c1e435842e5489344f4310eab8572b13
  FlutterMacOS: d0db08ddef1a9af05a5ec4b724367152bb0500b1

PODFILE CHECKSUM: 54d867c82ac51cbd61b565781b9fada492027009

COCOAPODS: 1.16.2
